// !$*UTF8*$!
{
	archiveVersion = 1;
	classes = {
	};
	objectVersion = 56;
	objects = {

/* Begin PBXBuildFile section */
		A1B2C3D4E5F60030CAFE0018 /* AppDelegate.swift in Sources */ = {isa = PBXBuildFile; fileRef = A1B2C3D4E5F60020CAFE0009 /* AppDelegate.swift */; };
		A1B2C3D4E5F60031CAFE0019 /* SceneDelegate.swift in Sources */ = {isa = PBXBuildFile; fileRef = A1B2C3D4E5F60021CAFE0010 /* SceneDelegate.swift */; };
		A1B2C3D4E5F60032CAFE0020 /* ViewController.swift in Sources */ = {isa = PBXBuildFile; fileRef = A1B2C3D4E5F60022CAFE0011 /* ViewController.swift */; };
		A1B2C3D4E5F60033CAFE0021 /* DownloadBridge.swift in Sources */ = {isa = PBXBuildFile; fileRef = A1B2C3D4E5F60023CAFE0012 /* DownloadBridge.swift */; };
		A1B2C3D4E5F60034CAFE0022 /* SchemeHandler.swift in Sources */ = {isa = PBXBuildFile; fileRef = A1B2C3D4E5F60024CAFE0013 /* SchemeHandler.swift */; };
		A1B2C3D4E5F60035CAFE0023 /* Assets.xcassets in Resources */ = {isa = PBXBuildFile; fileRef = A1B2C3D4E5F60026CAFE0015 /* Assets.xcassets */; };
		A1B2C3D4E5F60036CAFE0024 /* WebKit.framework in Frameworks */ = {isa = PBXBuildFile; fileRef = A1B2C3D4E5F60028CAFE0017 /* WebKit.framework */; };
/* End PBXBuildFile section */

/* Begin PBXFileReference section */
		A1B2C3D4E5F60020CAFE0009 /* AppDelegate.swift */ = {isa = PBXFileReference; lastKnownFileType = sourcecode.swift; path = AppDelegate.swift; sourceTree = "<group>"; };
		A1B2C3D4E5F60021CAFE0010 /* SceneDelegate.swift */ = {isa = PBXFileReference; lastKnownFileType = sourcecode.swift; path = SceneDelegate.swift; sourceTree = "<group>"; };
		A1B2C3D4E5F60022CAFE0011 /* ViewController.swift */ = {isa = PBXFileReference; lastKnownFileType = sourcecode.swift; path = ViewController.swift; sourceTree = "<group>"; };
		A1B2C3D4E5F60023CAFE0012 /* DownloadBridge.swift */ = {isa = PBXFileReference; lastKnownFileType = sourcecode.swift; path = DownloadBridge.swift; sourceTree = "<group>"; };
		A1B2C3D4E5F60024CAFE0013 /* SchemeHandler.swift */ = {isa = PBXFileReference; lastKnownFileType = sourcecode.swift; path = SchemeHandler.swift; sourceTree = "<group>"; };
		A1B2C3D4E5F60025CAFE0014 /* Info.plist */ = {isa = PBXFileReference; lastKnownFileType = text.plist.xml; path = Info.plist; sourceTree = "<group>"; };
		A1B2C3D4E5F60026CAFE0015 /* Assets.xcassets */ = {isa = PBXFileReference; lastKnownFileType = folder.assetcatalog; path = Assets.xcassets; sourceTree = "<group>"; };
		A1B2C3D4E5F60027CAFE0016 /* JFlix.app */ = {isa = PBXFileReference; explicitFileType = wrapper.application; includeInIndex = 0; path = JFlix.app; sourceTree = BUILT_PRODUCTS_DIR; };
		A1B2C3D4E5F60028CAFE0017 /* WebKit.framework */ = {isa = PBXFileReference; lastKnownFileType = wrapper.framework; name = WebKit.framework; path = System/Library/Frameworks/WebKit.framework; sourceTree = SDKROOT; };
/* End PBXFileReference section */

/* Begin PBXFrameworksBuildPhase section */
		A1B2C3D4E5F60012CAFE0007 /* Frameworks */ = {
			isa = PBXFrameworksBuildPhase;
			buildActionMask = 2147483647;
			files = (
				A1B2C3D4E5F60036CAFE0024 /* WebKit.framework in Frameworks */,
			);
			runOnlyForDeploymentPostprocessing = 0;
		};
/* End PBXFrameworksBuildPhase section */

/* Begin PBXGroup section */
		A1B2C3D4E5F60002CAFE0001 = {
			isa = PBXGroup;
			children = (
				A1B2C3D4E5F60003CAFE0002 /* JFlix */,
				A1B2C3D4E5F60005CAFE0004 /* Frameworks */,
				A1B2C3D4E5F60004CAFE0003 /* Products */,
			);
			sourceTree = "<group>";
		};
		A1B2C3D4E5F60003CAFE0002 /* JFlix */ = {
			isa = PBXGroup;
			children = (
				A1B2C3D4E5F60020CAFE0009 /* AppDelegate.swift */,
				A1B2C3D4E5F60021CAFE0010 /* SceneDelegate.swift */,
				A1B2C3D4E5F60022CAFE0011 /* ViewController.swift */,
				A1B2C3D4E5F60023CAFE0012 /* DownloadBridge.swift */,
				A1B2C3D4E5F60024CAFE0013 /* SchemeHandler.swift */,
				A1B2C3D4E5F60025CAFE0014 /* Info.plist */,
				A1B2C3D4E5F60026CAFE0015 /* Assets.xcassets */,
			);
			path = JFlix;
			sourceTree = "<group>";
		};
		A1B2C3D4E5F60004CAFE0003 /* Products */ = {
			isa = PBXGroup;
			children = (
				A1B2C3D4E5F60027CAFE0016 /* JFlix.app */,
			);
			name = Products;
			sourceTree = "<group>";
		};
		A1B2C3D4E5F60005CAFE0004 /* Frameworks */ = {
			isa = PBXGroup;
			children = (
				A1B2C3D4E5F60028CAFE0017 /* WebKit.framework */,
			);
			name = Frameworks;
			sourceTree = "<group>";
		};
/* End PBXGroup section */

/* Begin PBXNativeTarget section */
		A1B2C3D4E5F60010CAFE0005 /* JFlix */ = {
			isa = PBXNativeTarget;
			buildConfigurationList = A1B2C3D4E5F60041CAFE0026 /* Build configuration list for PBXNativeTarget "JFlix" */;
			buildPhases = (
				A1B2C3D4E5F60011CAFE0006 /* Sources */,
				A1B2C3D4E5F60012CAFE0007 /* Frameworks */,
				A1B2C3D4E5F60013CAFE0008 /* Resources */,
			);
			buildRules = (
			);
			dependencies = (
			);
			name = JFlix;
			productName = JFlix;
			productReference = A1B2C3D4E5F60027CAFE0016 /* JFlix.app */;
			productType = "com.apple.product-type.application";
		};
/* End PBXNativeTarget section */

/* Begin PBXProject section */
		A1B2C3D4E5F60001CAFE0000 /* Project object */ = {
			isa = PBXProject;
			attributes = {
				LastUpgradeCheck = 1500;
				TargetAttributes = {
					A1B2C3D4E5F60010CAFE0005 = {
						ProvisioningStyle = Automatic;
					};
				};
			};
			buildConfigurationList = A1B2C3D4E5F60040CAFE0025 /* Build configuration list for PBXProject "JFlix" */;
			compatibilityVersion = "Xcode 14.0";
			developmentRegion = en;
			hasScannedForEncodings = 0;
			knownRegions = (
				en,
			);
			mainGroup = A1B2C3D4E5F60002CAFE0001;
			productRefGroup = A1B2C3D4E5F60004CAFE0003 /* Products */;
			projectDirPath = "";
			projectRoot = "";
			targets = (
				A1B2C3D4E5F60010CAFE0005 /* JFlix */,
			);
		};
/* End PBXProject section */

/* Begin PBXResourcesBuildPhase section */
		A1B2C3D4E5F60013CAFE0008 /* Resources */ = {
			isa = PBXResourcesBuildPhase;
			buildActionMask = 2147483647;
			files = (
				A1B2C3D4E5F60035CAFE0023 /* Assets.xcassets in Resources */,
			);
			runOnlyForDeploymentPostprocessing = 0;
		};
/* End PBXResourcesBuildPhase section */

/* Begin PBXSourcesBuildPhase section */
		A1B2C3D4E5F60011CAFE0006 /* Sources */ = {
			isa = PBXSourcesBuildPhase;
			buildActionMask = 2147483647;
			files = (
				A1B2C3D4E5F60030CAFE0018 /* AppDelegate.swift in Sources */,
				A1B2C3D4E5F60031CAFE0019 /* SceneDelegate.swift in Sources */,
				A1B2C3D4E5F60032CAFE0020 /* ViewController.swift in Sources */,
				A1B2C3D4E5F60033CAFE0021 /* DownloadBridge.swift in Sources */,
				A1B2C3D4E5F60034CAFE0022 /* SchemeHandler.swift in Sources */,
			);
			runOnlyForDeploymentPostprocessing = 0;
		};
/* End PBXSourcesBuildPhase section */

/* Begin XCBuildConfiguration section */
		A1B2C3D4E5F60042CAFE0027 /* Debug */ = {
			isa = XCBuildConfiguration;
			buildSettings = {
				ALWAYS_SEARCH_USER_PATHS = NO;
				CLANG_ANALYZER_NONNULL = YES;
				CLANG_ANALYZER_NUMBER_OBJECT_CONVERSION = YES_AGGRESSIVE;
				CLANG_CXX_LANGUAGE_STANDARD = "gnu++20";
				CLANG_ENABLE_MODULES = YES;
				CLANG_ENABLE_OBJC_ARC = YES;
				CLANG_ENABLE_OBJC_WEAK = YES;
				CLANG_WARN_BLOCK_CAPTURE_AUTORELEASING = YES;
				CLANG_WARN_BOOL_CONVERSION = YES;
				CLANG_WARN_CONSTANT_CONVERSION = YES;
				CLANG_WARN_DEPRECATED_OBJC_IMPLEMENTATIONS = YES;
				CLANG_WARN_DIRECT_OBJC_ISA_USAGE = YES_ERROR;
				CLANG_WARN_DOCUMENTATION_COMMENTS = YES;
				CLANG_WARN_EMPTY_BODY = YES;
				CLANG_WARN_ENUM_CONVERSION = YES;
				CLANG_WARN_INFINITE_RECURSION = YES;
				CLANG_WARN_INT_CONVERSION = YES;
				CLANG_WARN_OBJC_ROOT_CLASS = YES_ERROR;
				CLANG_WARN_QUOTED_INCLUDE_IN_FRAMEWORK_HEADER = YES;
				CLANG_WARN_RANGE_LOOP_ANALYSIS = YES;
				CLANG_WARN_STRICT_PROTOTYPES = YES;
				CLANG_WARN_SUSPICIOUS_MOVE = YES;
				CLANG_WARN_UNGUARDED_AVAILABILITY = YES_AGGRESSIVE;
				CLANG_WARN_UNREACHABLE_CODE = YES;
				CLANG_WARN__DUPLICATE_METHOD_MATCH = YES;
				COPY_PHASE_STRIP = NO;
				DEBUG_INFORMATION_FORMAT = dwarf;
				ENABLE_STRICT_OBJC_MSGSEND = YES;
				ENABLE_TESTABILITY = YES;
				GCC_C_LANGUAGE_STANDARD = gnu17;
				GCC_DYNAMIC_NO_PIC = NO;
				GCC_NO_COMMON_BLOCKS = YES;
				GCC_OPTIMIZATION_LEVEL = 0;
				GCC_PREPROCESSOR_DEFINITIONS = (
					"DEBUG=1",
					"$(inherited)",
				);
				GCC_WARN_64_TO_32_BIT_CONVERSION = YES;
				GCC_WARN_ABOUT_RETURN_TYPE = YES_ERROR;
				GCC_WARN_UNDECLARED_SELECTOR = YES;
				GCC_WARN_UNINITIALIZED_AUTOS = YES_AGGRESSIVE;
				GCC_WARN_UNUSED_FUNCTION = YES;
				GCC_WARN_UNUSED_VARIABLE = YES;
				IPHONEOS_DEPLOYMENT_TARGET = 15.0;
				MARKETING_VERSION = 1.0.9;
				MTL_ENABLE_DEBUG_INFO = INCLUDE_SOURCE;
				MTL_FASTMATH = YES;
				ONLY_ACTIVE_ARCH = YES;
				SDKROOT = iphoneos;
				SWIFT_ACTIVE_COMPILATION_CONDITIONS = DEBUG;
				SWIFT_OPTIMIZATION_LEVEL = "-Onone";
			};
			name = Debug;
		};
		A1B2C3D4E5F60043CAFE0028 /* Release */ = {
			isa = XCBuildConfiguration;
			buildSettings = {
				ALWAYS_SEARCH_USER_PATHS = NO;
				CLANG_ANALYZER_NONNULL = YES;
				CLANG_ANALYZER_NUMBER_OBJECT_CONVERSION = YES_AGGRESSIVE;
				CLANG_CXX_LANGUAGE_STANDARD = "gnu++20";
				CLANG_ENABLE_MODULES = YES;
				CLANG_ENABLE_OBJC_ARC = YES;
				CLANG_ENABLE_OBJC_WEAK = YES;
				CLANG_WARN_BLOCK_CAPTURE_AUTORELEASING = YES;
				CLANG_WARN_BOOL_CONVERSION = YES;
				CLANG_WARN_CONSTANT_CONVERSION = YES;
				CLANG_WARN_DEPRECATED_OBJC_IMPLEMENTATIONS = YES;
				CLANG_WARN_DIRECT_OBJC_ISA_USAGE = YES_ERROR;
				CLANG_WARN_DOCUMENTATION_COMMENTS = YES;
				CLANG_WARN_EMPTY_BODY = YES;
				CLANG_WARN_ENUM_CONVERSION = YES;
				CLANG_WARN_INFINITE_RECURSION = YES;
				CLANG_WARN_INT_CONVERSION = YES;
				CLANG_WARN_OBJC_ROOT_CLASS = YES_ERROR;
				CLANG_WARN_QUOTED_INCLUDE_IN_FRAMEWORK_HEADER = YES;
				CLANG_WARN_RANGE_LOOP_ANALYSIS = YES;
				CLANG_WARN_STRICT_PROTOTYPES = YES;
				CLANG_WARN_SUSPICIOUS_MOVE = YES;
				CLANG_WARN_UNGUARDED_AVAILABILITY = YES_AGGRESSIVE;
				CLANG_WARN_UNREACHABLE_CODE = YES;
				CLANG_WARN__DUPLICATE_METHOD_MATCH = YES;
				COPY_PHASE_STRIP = NO;
				DEBUG_INFORMATION_FORMAT = "dwarf-with-dsym";
				ENABLE_NS_ASSERTIONS = NO;
				ENABLE_STRICT_OBJC_MSGSEND = YES;
				GCC_C_LANGUAGE_STANDARD = gnu17;
				GCC_DYNAMIC_NO_PIC = NO;
				GCC_NO_COMMON_BLOCKS = YES;
				GCC_OPTIMIZATION_LEVEL = s;
				GCC_WARN_64_TO_32_BIT_CONVERSION = YES;
				GCC_WARN_ABOUT_RETURN_TYPE = YES_ERROR;
				GCC_WARN_UNDECLARED_SELECTOR = YES;
				GCC_WARN_UNINITIALIZED_AUTOS = YES_AGGRESSIVE;
				GCC_WARN_UNUSED_FUNCTION = YES;
				GCC_WARN_UNUSED_VARIABLE = YES;
				IPHONEOS_DEPLOYMENT_TARGET = 15.0;
				MARKETING_VERSION = 1.0.9;
				MTL_ENABLE_DEBUG_INFO = NO;
				MTL_FASTMATH = YES;
				SDKROOT = iphoneos;
				SWIFT_COMPILATION_MODE = wholemodule;
				SWIFT_OPTIMIZATION_LEVEL = "-O";
			};
			name = Release;
		};
		A1B2C3D4E5F60044CAFE0029 /* Debug */ = {
			isa = XCBuildConfiguration;
			buildSettings = {
				ASSETCATALOG_COMPILER_APPICON_NAME = AppIcon;
				CODE_SIGN_STYLE = Automatic;
				CURRENT_PROJECT_VERSION = 10;
				GENERATE_INFOPLIST_FILE = NO;
				INFOPLIST_FILE = JFlix/Info.plist;
				INFOPLIST_KEY_UIApplicationSceneManifest_Generation = YES;
				IPHONEOS_DEPLOYMENT_TARGET = 15.0;
				LD_RUNPATH_SEARCH_PATHS = (
					"$(inherited)",
					"@executable_path/Frameworks",
				);
				MARKETING_VERSION = 1.0.9;
				PRODUCT_BUNDLE_IDENTIFIER = com.jflix.ios;
				PRODUCT_NAME = "$(TARGET_NAME)";
				SWIFT_EMIT_LOC_STRINGS = YES;
				SWIFT_VERSION = 5.0;
				TARGETED_DEVICE_FAMILY = "1,2";
			};
			name = Debug;
		};
		A1B2C3D4E5F60045CAFE0030 /* Release */ = {
			isa = XCBuildConfiguration;
			buildSettings = {
				ASSETCATALOG_COMPILER_APPICON_NAME = AppIcon;
				CODE_SIGN_STYLE = Automatic;
				CURRENT_PROJECT_VERSION = 10;
				GENERATE_INFOPLIST_FILE = NO;
				INFOPLIST_FILE = JFlix/Info.plist;
				INFOPLIST_KEY_UIApplicationSceneManifest_Generation = YES;
				IPHONEOS_DEPLOYMENT_TARGET = 15.0;
				LD_RUNPATH_SEARCH_PATHS = (
					"$(inherited)",
					"@executable_path/Frameworks",
				);
				MARKETING_VERSION = 1.0.9;
				PRODUCT_BUNDLE_IDENTIFIER = com.jflix.ios;
				PRODUCT_NAME = "$(TARGET_NAME)";
				SWIFT_EMIT_LOC_STRINGS = YES;
				SWIFT_VERSION = 5.0;
				TARGETED_DEVICE_FAMILY = "1,2";
			};
			name = Release;
		};
/* End XCBuildConfiguration section */

/* Begin XCConfigurationList section */
		A1B2C3D4E5F60040CAFE0025 /* Build configuration list for PBXProject "JFlix" */ = {
			isa = XCConfigurationList;
			buildConfigurations = (
				A1B2C3D4E5F60042CAFE0027 /* Debug */,
				A1B2C3D4E5F60043CAFE0028 /* Release */,
			);
			defaultConfigurationIsVisible = 0;
			defaultConfigurationName = Release;
		};
		A1B2C3D4E5F60041CAFE0026 /* Build configuration list for PBXNativeTarget "JFlix" */ = {
			isa = XCConfigurationList;
			buildConfigurations = (
				A1B2C3D4E5F60044CAFE0029 /* Debug */,
				A1B2C3D4E5F60045CAFE0030 /* Release */,
			);
			defaultConfigurationIsVisible = 0;
			defaultConfigurationName = Release;
		};
/* End XCConfigurationList section */
	};
	rootObject = A1B2C3D4E5F60001CAFE0000 /* Project object */;
}
